// !$*UTF8*$!
{
	archiveVersion = 1;
	classes = {
	};
	objectVersion = 48;
	objects = {

/* Begin PBXBuildFile section */
		24EB2DE02220162D876EDA41 /* Pods_Greeny.framework in Frameworks */ = {isa = PBXBuildFile; fileRef = AF96FAF963D9B6A8D7BC143C /* Pods_Greeny.framework */; };
		FA1D98BD205E428B0001E159 /* AppDelegate.swift in Sources */ = {isa = PBXBuildFile; fileRef = FA1D98BC205E428B0001E159 /* AppDelegate.swift */; };
		FA1D98C4205E428B0001E159 /* Assets.xcassets in Resources */ = {isa = PBXBuildFile; fileRef = FA1D98C3205E428B0001E159 /* Assets.xcassets */; };
		FA1D98C7205E428B0001E159 /* LaunchScreen.storyboard in Resources */ = {isa = PBXBuildFile; fileRef = FA1D98C5205E428B0001E159 /* LaunchScreen.storyboard */; };
		FA1D98D9205E43CF0001E159 /* MainController.swift in Sources */ = {isa = PBXBuildFile; fileRef = FA1D98D8205E43CF0001E159 /* MainController.swift */; };
		FA1D98DB205E43E50001E159 /* BaseController.swift in Sources */ = {isa = PBXBuildFile; fileRef = FA1D98DA205E43E50001E159 /* BaseController.swift */; };
		FA1D98DD205E446E0001E159 /* SettingsController.swift in Sources */ = {isa = PBXBuildFile; fileRef = FA1D98DC205E446E0001E159 /* SettingsController.swift */; };
		FA1D98DF205E46590001E159 /* Const.swift in Sources */ = {isa = PBXBuildFile; fileRef = FA1D98DE205E46590001E159 /* Const.swift */; };
		FA1D98E1205E46EE0001E159 /* Extension+UIColor.swift in Sources */ = {isa = PBXBuildFile; fileRef = FA1D98E0205E46EE0001E159 /* Extension+UIColor.swift */; };
		FA1D98E3205E471A0001E159 /* Extension+UIView.swift in Sources */ = {isa = PBXBuildFile; fileRef = FA1D98E2205E471A0001E159 /* Extension+UIView.swift */; };
		FA1D98E5205E47420001E159 /* Extension+UIImage.swift in Sources */ = {isa = PBXBuildFile; fileRef = FA1D98E4205E47420001E159 /* Extension+UIImage.swift */; };
		FA1D98E7205E47560001E159 /* Utils.swift in Sources */ = {isa = PBXBuildFile; fileRef = FA1D98E6205E47560001E159 /* Utils.swift */; };
		FA1D98EA206025B50001E159 /* SideMenuRootController.swift in Sources */ = {isa = PBXBuildFile; fileRef = FA1D98E9206025B50001E159 /* SideMenuRootController.swift */; };
/* End PBXBuildFile section */

/* Begin PBXFileReference section */
		53206DF6B4225E08345AE545 /* Pods-Greeny.debug.xcconfig */ = {isa = PBXFileReference; includeInIndex = 1; lastKnownFileType = text.xcconfig; name = "Pods-Greeny.debug.xcconfig"; path = "Pods/Target Support Files/Pods-Greeny/Pods-Greeny.debug.xcconfig"; sourceTree = "<group>"; };
		AF96FAF963D9B6A8D7BC143C /* Pods_Greeny.framework */ = {isa = PBXFileReference; explicitFileType = wrapper.framework; includeInIndex = 0; path = Pods_Greeny.framework; sourceTree = BUILT_PRODUCTS_DIR; };
		FA1D98B9205E428B0001E159 /* Greeny.app */ = {isa = PBXFileReference; explicitFileType = wrapper.application; includeInIndex = 0; path = Greeny.app; sourceTree = BUILT_PRODUCTS_DIR; };
		FA1D98BC205E428B0001E159 /* AppDelegate.swift */ = {isa = PBXFileReference; lastKnownFileType = sourcecode.swift; path = AppDelegate.swift; sourceTree = "<group>"; };
		FA1D98C3205E428B0001E159 /* Assets.xcassets */ = {isa = PBXFileReference; lastKnownFileType = folder.assetcatalog; path = Assets.xcassets; sourceTree = "<group>"; };
		FA1D98C6205E428B0001E159 /* Base */ = {isa = PBXFileReference; lastKnownFileType = file.storyboard; name = Base; path = Base.lproj/LaunchScreen.storyboard; sourceTree = "<group>"; };
		FA1D98C8205E428B0001E159 /* Info.plist */ = {isa = PBXFileReference; lastKnownFileType = text.plist.xml; path = Info.plist; sourceTree = "<group>"; };
		FA1D98D8205E43CF0001E159 /* MainController.swift */ = {isa = PBXFileReference; lastKnownFileType = sourcecode.swift; path = MainController.swift; sourceTree = "<group>"; };
		FA1D98DA205E43E50001E159 /* BaseController.swift */ = {isa = PBXFileReference; lastKnownFileType = sourcecode.swift; path = BaseController.swift; sourceTree = "<group>"; };
		FA1D98DC205E446E0001E159 /* SettingsController.swift */ = {isa = PBXFileReference; lastKnownFileType = sourcecode.swift; path = SettingsController.swift; sourceTree = "<group>"; };
		FA1D98DE205E46590001E159 /* Const.swift */ = {isa = PBXFileReference; lastKnownFileType = sourcecode.swift; path = Const.swift; sourceTree = "<group>"; };
		FA1D98E0205E46EE0001E159 /* Extension+UIColor.swift */ = {isa = PBXFileReference; lastKnownFileType = sourcecode.swift; path = "Extension+UIColor.swift"; sourceTree = "<group>"; };
		FA1D98E2205E471A0001E159 /* Extension+UIView.swift */ = {isa = PBXFileReference; lastKnownFileType = sourcecode.swift; path = "Extension+UIView.swift"; sourceTree = "<group>"; };
		FA1D98E4205E47420001E159 /* Extension+UIImage.swift */ = {isa = PBXFileReference; lastKnownFileType = sourcecode.swift; path = "Extension+UIImage.swift"; sourceTree = "<group>"; };
		FA1D98E6205E47560001E159 /* Utils.swift */ = {isa = PBXFileReference; lastKnownFileType = sourcecode.swift; path = Utils.swift; sourceTree = "<group>"; };
		FA1D98E9206025B50001E159 /* SideMenuRootController.swift */ = {isa = PBXFileReference; lastKnownFileType = sourcecode.swift; path = SideMenuRootController.swift; sourceTree = "<group>"; };
		FDDE3A062A59FAA62608CE05 /* Pods-Greeny.release.xcconfig */ = {isa = PBXFileReference; includeInIndex = 1; lastKnownFileType = text.xcconfig; name = "Pods-Greeny.release.xcconfig"; path = "Pods/Target Support Files/Pods-Greeny/Pods-Greeny.release.xcconfig"; sourceTree = "<group>"; };
/* End PBXFileReference section */

/* Begin PBXFrameworksBuildPhase section */
		FA1D98B6205E428B0001E159 /* Frameworks */ = {
			isa = PBXFrameworksBuildPhase;
			buildActionMask = 2147483647;
			files = (
				24EB2DE02220162D876EDA41 /* Pods_Greeny.framework in Frameworks */,
			);
			runOnlyForDeploymentPostprocessing = 0;
		};
/* End PBXFrameworksBuildPhase section */

/* Begin PBXGroup section */
		79C45D3C43F9DCFDA5DBC3FF /* Pods */ = {
			isa = PBXGroup;
			children = (
				53206DF6B4225E08345AE545 /* Pods-Greeny.debug.xcconfig */,
				FDDE3A062A59FAA62608CE05 /* Pods-Greeny.release.xcconfig */,
			);
			name = Pods;
			sourceTree = "<group>";
		};
		9D6700015CF306FDE3B94E93 /* Frameworks */ = {
			isa = PBXGroup;
			children = (
				AF96FAF963D9B6A8D7BC143C /* Pods_Greeny.framework */,
			);
			name = Frameworks;
			sourceTree = "<group>";
		};
		FA1D98B0205E428B0001E159 = {
			isa = PBXGroup;
			children = (
				FA1D98BB205E428B0001E159 /* Greeny */,
				FA1D98BA205E428B0001E159 /* Products */,
				79C45D3C43F9DCFDA5DBC3FF /* Pods */,
				9D6700015CF306FDE3B94E93 /* Frameworks */,
			);
			sourceTree = "<group>";
		};
		FA1D98BA205E428B0001E159 /* Products */ = {
			isa = PBXGroup;
			children = (
				FA1D98B9205E428B0001E159 /* Greeny.app */,
			);
			name = Products;
			sourceTree = "<group>";
		};
		FA1D98BB205E428B0001E159 /* Greeny */ = {
			isa = PBXGroup;
			children = (
				FA1D98E8206022230001E159 /* Storyboards */,
				FA1D98D7205E43580001E159 /* Helpers */,
				FA1D98D6205E43500001E159 /* Extensions */,
				FA1D98D5205E43480001E159 /* Models */,
				FA1D98D4205E43420001E159 /* Views */,
				FA1D98D1205E43250001E159 /* Controllers */,
				FA1D98CE205E42EA0001E159 /* Supporting Files */,
			);
			path = Greeny;
			sourceTree = "<group>";
		};
		FA1D98CE205E42EA0001E159 /* Supporting Files */ = {
			isa = PBXGroup;
			children = (
				FA1D98BC205E428B0001E159 /* AppDelegate.swift */,
				FA1D98C3205E428B0001E159 /* Assets.xcassets */,
				FA1D98C5205E428B0001E159 /* LaunchScreen.storyboard */,
				FA1D98C8205E428B0001E159 /* Info.plist */,
			);
			name = "Supporting Files";
			sourceTree = "<group>";
		};
		FA1D98D1205E43250001E159 /* Controllers */ = {
			isa = PBXGroup;
			children = (
				FA1D98D8205E43CF0001E159 /* MainController.swift */,
				FA1D98DA205E43E50001E159 /* BaseController.swift */,
				FA1D98DC205E446E0001E159 /* SettingsController.swift */,
				FA1D98E9206025B50001E159 /* SideMenuRootController.swift */,
			);
			path = Controllers;
			sourceTree = "<group>";
		};
		FA1D98D4205E43420001E159 /* Views */ = {
			isa = PBXGroup;
			children = (
			);
			path = Views;
			sourceTree = "<group>";
		};
		FA1D98D5205E43480001E159 /* Models */ = {
			isa = PBXGroup;
			children = (
			);
			path = Models;
			sourceTree = "<group>";
		};
		FA1D98D6205E43500001E159 /* Extensions */ = {
			isa = PBXGroup;
			children = (
				FA1D98E0205E46EE0001E159 /* Extension+UIColor.swift */,
				FA1D98E2205E471A0001E159 /* Extension+UIView.swift */,
				FA1D98E4205E47420001E159 /* Extension+UIImage.swift */,
			);
			path = Extensions;
			sourceTree = "<group>";
		};
		FA1D98D7205E43580001E159 /* Helpers */ = {
			isa = PBXGroup;
			children = (
				FA1D98DE205E46590001E159 /* Const.swift */,
				FA1D98E6205E47560001E159 /* Utils.swift */,
			);
			path = Helpers;
			sourceTree = "<group>";
		};
		FA1D98E8206022230001E159 /* Storyboards */ = {
			isa = PBXGroup;
			children = (
			);
			path = Storyboards;
			sourceTree = "<group>";
		};
/* End PBXGroup section */

/* Begin PBXNativeTarget section */
		FA1D98B8205E428B0001E159 /* Greeny */ = {
			isa = PBXNativeTarget;
			buildConfigurationList = FA1D98CB205E428B0001E159 /* Build configuration list for PBXNativeTarget "Greeny" */;
			buildPhases = (
				3E19D98F7B2E266252551C39 /* [CP] Check Pods Manifest.lock */,
				FA1D98B5205E428B0001E159 /* Sources */,
				FA1D98B6205E428B0001E159 /* Frameworks */,
				FA1D98B7205E428B0001E159 /* Resources */,
				D9B70368F2E0F58CE9039166 /* [CP] Embed Pods Frameworks */,
				9272B72FD8356D210CBB0EAA /* [CP] Copy Pods Resources */,
			);
			buildRules = (
			);
			dependencies = (
			);
			name = Greeny;
			productName = Greeny;
			productReference = FA1D98B9205E428B0001E159 /* Greeny.app */;
			productType = "com.apple.product-type.application";
		};
/* End PBXNativeTarget section */

/* Begin PBXProject section */
		FA1D98B1205E428B0001E159 /* Project object */ = {
			isa = PBXProject;
			attributes = {
				LastSwiftUpdateCheck = 0920;
				LastUpgradeCheck = 0920;
				ORGANIZATIONNAME = "Ha Nguyen";
				TargetAttributes = {
					FA1D98B8205E428B0001E159 = {
						CreatedOnToolsVersion = 9.2;
						ProvisioningStyle = Automatic;
					};
				};
			};
			buildConfigurationList = FA1D98B4205E428B0001E159 /* Build configuration list for PBXProject "Greeny" */;
			compatibilityVersion = "Xcode 8.0";
			developmentRegion = en;
			hasScannedForEncodings = 0;
			knownRegions = (
				en,
				Base,
			);
			mainGroup = FA1D98B0205E428B0001E159;
			productRefGroup = FA1D98BA205E428B0001E159 /* Products */;
			projectDirPath = "";
			projectRoot = "";
			targets = (
				FA1D98B8205E428B0001E159 /* Greeny */,
			);
		};
/* End PBXProject section */

/* Begin PBXResourcesBuildPhase section */
		FA1D98B7205E428B0001E159 /* Resources */ = {
			isa = PBXResourcesBuildPhase;
			buildActionMask = 2147483647;
			files = (
				FA1D98C7205E428B0001E159 /* LaunchScreen.storyboard in Resources */,
				FA1D98C4205E428B0001E159 /* Assets.xcassets in Resources */,
			);
			runOnlyForDeploymentPostprocessing = 0;
		};
/* End PBXResourcesBuildPhase section */

/* Begin PBXShellScriptBuildPhase section */
		3E19D98F7B2E266252551C39 /* [CP] Check Pods Manifest.lock */ = {
			isa = PBXShellScriptBuildPhase;
			buildActionMask = 2147483647;
			files = (
			);
			inputPaths = (
				"${PODS_PODFILE_DIR_PATH}/Podfile.lock",
				"${PODS_ROOT}/Manifest.lock",
			);
			name = "[CP] Check Pods Manifest.lock";
			outputPaths = (
				"$(DERIVED_FILE_DIR)/Pods-Greeny-checkManifestLockResult.txt",
			);
			runOnlyForDeploymentPostprocessing = 0;
			shellPath = /bin/sh;
			shellScript = "diff \"${PODS_PODFILE_DIR_PATH}/Podfile.lock\" \"${PODS_ROOT}/Manifest.lock\" > /dev/null\nif [ $? != 0 ] ; then\n    # print error to STDERR\n    echo \"error: The sandbox is not in sync with the Podfile.lock. Run 'pod install' or update your CocoaPods installation.\" >&2\n    exit 1\nfi\n# This output is used by Xcode 'outputs' to avoid re-running this script phase.\necho \"SUCCESS\" > \"${SCRIPT_OUTPUT_FILE_0}\"\n";
			showEnvVarsInLog = 0;
		};
		9272B72FD8356D210CBB0EAA /* [CP] Copy Pods Resources */ = {
			isa = PBXShellScriptBuildPhase;
			buildActionMask = 2147483647;
			files = (
			);
			inputPaths = (
			);
			name = "[CP] Copy Pods Resources";
			outputPaths = (
			);
			runOnlyForDeploymentPostprocessing = 0;
			shellPath = /bin/sh;
			shellScript = "\"${SRCROOT}/Pods/Target Support Files/Pods-Greeny/Pods-Greeny-resources.sh\"\n";
			showEnvVarsInLog = 0;
		};
		D9B70368F2E0F58CE9039166 /* [CP] Embed Pods Frameworks */ = {
			isa = PBXShellScriptBuildPhase;
			buildActionMask = 2147483647;
			files = (
			);
			inputPaths = (
				"${SRCROOT}/Pods/Target Support Files/Pods-Greeny/Pods-Greeny-frameworks.sh",
				"${BUILT_PRODUCTS_DIR}/SideMenu/SideMenu.framework",
			);
			name = "[CP] Embed Pods Frameworks";
			outputPaths = (
				"${TARGET_BUILD_DIR}/${FRAMEWORKS_FOLDER_PATH}/SideMenu.framework",
			);
			runOnlyForDeploymentPostprocessing = 0;
			shellPath = /bin/sh;
			shellScript = "\"${SRCROOT}/Pods/Target Support Files/Pods-Greeny/Pods-Greeny-frameworks.sh\"\n";
			showEnvVarsInLog = 0;
		};
/* End PBXShellScriptBuildPhase section */

/* Begin PBXSourcesBuildPhase section */
		FA1D98B5205E428B0001E159 /* Sources */ = {
			isa = PBXSourcesBuildPhase;
			buildActionMask = 2147483647;
			files = (
				FA1D98BD205E428B0001E159 /* AppDelegate.swift in Sources */,
				FA1D98DD205E446E0001E159 /* SettingsController.swift in Sources */,
				FA1D98E3205E471A0001E159 /* Extension+UIView.swift in Sources */,
				FA1D98E1205E46EE0001E159 /* Extension+UIColor.swift in Sources */,
				FA1D98D9205E43CF0001E159 /* MainController.swift in Sources */,
				FA1D98E7205E47560001E159 /* Utils.swift in Sources */,
				FA1D98DB205E43E50001E159 /* BaseController.swift in Sources */,
				FA1D98E5205E47420001E159 /* Extension+UIImage.swift in Sources */,
				FA1D98DF205E46590001E159 /* Const.swift in Sources */,
				FA1D98EA206025B50001E159 /* SideMenuRootController.swift in Sources */,
			);
			runOnlyForDeploymentPostprocessing = 0;
		};
/* End PBXSourcesBuildPhase section */

/* Begin PBXVariantGroup section */
		FA1D98C5205E428B0001E159 /* LaunchScreen.storyboard */ = {
			isa = PBXVariantGroup;
			children = (
				FA1D98C6205E428B0001E159 /* Base */,
			);
			name = LaunchScreen.storyboard;
			sourceTree = "<group>";
		};
/* End PBXVariantGroup section */

/* Begin XCBuildConfiguration section */
		FA1D98C9205E428B0001E159 /* Debug */ = {
			isa = XCBuildConfiguration;
			buildSettings = {
				ALWAYS_SEARCH_USER_PATHS = NO;
				CLANG_ANALYZER_NONNULL = YES;
				CLANG_ANALYZER_NUMBER_OBJECT_CONVERSION = YES_AGGRESSIVE;
				CLANG_CXX_LANGUAGE_STANDARD = "gnu++14";
				CLANG_CXX_LIBRARY = "libc++";
				CLANG_ENABLE_MODULES = YES;
				CLANG_ENABLE_OBJC_ARC = YES;
				CLANG_WARN_BLOCK_CAPTURE_AUTORELEASING = YES;
				CLANG_WARN_BOOL_CONVERSION = YES;
				CLANG_WARN_COMMA = YES;
				CLANG_WARN_CONSTANT_CONVERSION = YES;
				CLANG_WARN_DIRECT_OBJC_ISA_USAGE = YES_ERROR;
				CLANG_WARN_DOCUMENTATION_COMMENTS = YES;
				CLANG_WARN_EMPTY_BODY = YES;
				CLANG_WARN_ENUM_CONVERSION = YES;
				CLANG_WARN_INFINITE_RECURSION = YES;
				CLANG_WARN_INT_CONVERSION = YES;
				CLANG_WARN_NON_LITERAL_NULL_CONVERSION = YES;
				CLANG_WARN_OBJC_LITERAL_CONVERSION = YES;
				CLANG_WARN_OBJC_ROOT_CLASS = YES_ERROR;
				CLANG_WARN_RANGE_LOOP_ANALYSIS = YES;
				CLANG_WARN_STRICT_PROTOTYPES = YES;
				CLANG_WARN_SUSPICIOUS_MOVE = YES;
				CLANG_WARN_UNGUARDED_AVAILABILITY = YES_AGGRESSIVE;
				CLANG_WARN_UNREACHABLE_CODE = YES;
				CLANG_WARN__DUPLICATE_METHOD_MATCH = YES;
				CODE_SIGN_IDENTITY = "iPhone Developer";
				COPY_PHASE_STRIP = NO;
				DEBUG_INFORMATION_FORMAT = dwarf;
				ENABLE_STRICT_OBJC_MSGSEND = YES;
				ENABLE_TESTABILITY = YES;
				GCC_C_LANGUAGE_STANDARD = gnu11;
				GCC_DYNAMIC_NO_PIC = NO;
				GCC_NO_COMMON_BLOCKS = YES;
				GCC_OPTIMIZATION_LEVEL = 0;
				GCC_PREPROCESSOR_DEFINITIONS = (
					"DEBUG=1",
					"$(inherited)",
				);
				GCC_WARN_64_TO_32_BIT_CONVERSION = YES;
				GCC_WARN_ABOUT_RETURN_TYPE = YES_ERROR;
				GCC_WARN_UNDECLARED_SELECTOR = YES;
				GCC_WARN_UNINITIALIZED_AUTOS = YES_AGGRESSIVE;
				GCC_WARN_UNUSED_FUNCTION = YES;
				GCC_WARN_UNUSED_VARIABLE = YES;
				IPHONEOS_DEPLOYMENT_TARGET = 11.2;
				MTL_ENABLE_DEBUG_INFO = YES;
				ONLY_ACTIVE_ARCH = YES;
				SDKROOT = iphoneos;
				SWIFT_ACTIVE_COMPILATION_CONDITIONS = DEBUG;
				SWIFT_OPTIMIZATION_LEVEL = "-Onone";
			};
			name = Debug;
		};
		FA1D98CA205E428B0001E159 /* Release */ = {
			isa = XCBuildConfiguration;
			buildSettings = {
				ALWAYS_SEARCH_USER_PATHS = NO;
				CLANG_ANALYZER_NONNULL = YES;
				CLANG_ANALYZER_NUMBER_OBJECT_CONVERSION = YES_AGGRESSIVE;
				CLANG_CXX_LANGUAGE_STANDARD = "gnu++14";
				CLANG_CXX_LIBRARY = "libc++";
				CLANG_ENABLE_MODULES = YES;
				CLANG_ENABLE_OBJC_ARC = YES;
				CLANG_WARN_BLOCK_CAPTURE_AUTORELEASING = YES;
				CLANG_WARN_BOOL_CONVERSION = YES;
				CLANG_WARN_COMMA = YES;
				CLANG_WARN_CONSTANT_CONVERSION = YES;
				CLANG_WARN_DIRECT_OBJC_ISA_USAGE = YES_ERROR;
				CLANG_WARN_DOCUMENTATION_COMMENTS = YES;
				CLANG_WARN_EMPTY_BODY = YES;
				CLANG_WARN_ENUM_CONVERSION = YES;
				CLANG_WARN_INFINITE_RECURSION = YES;
				CLANG_WARN_INT_CONVERSION = YES;
				CLANG_WARN_NON_LITERAL_NULL_CONVERSION = YES;
				CLANG_WARN_OBJC_LITERAL_CONVERSION = YES;
				CLANG_WARN_OBJC_ROOT_CLASS = YES_ERROR;
				CLANG_WARN_RANGE_LOOP_ANALYSIS = YES;
				CLANG_WARN_STRICT_PROTOTYPES = YES;
				CLANG_WARN_SUSPICIOUS_MOVE = YES;
				CLANG_WARN_UNGUARDED_AVAILABILITY = YES_AGGRESSIVE;
				CLANG_WARN_UNREACHABLE_CODE = YES;
				CLANG_WARN__DUPLICATE_METHOD_MATCH = YES;
				CODE_SIGN_IDENTITY = "iPhone Developer";
				COPY_PHASE_STRIP = NO;
				DEBUG_INFORMATION_FORMAT = "dwarf-with-dsym";
				ENABLE_NS_ASSERTIONS = NO;
				ENABLE_STRICT_OBJC_MSGSEND = YES;
				GCC_C_LANGUAGE_STANDARD = gnu11;
				GCC_NO_COMMON_BLOCKS = YES;
				GCC_WARN_64_TO_32_BIT_CONVERSION = YES;
				GCC_WARN_ABOUT_RETURN_TYPE = YES_ERROR;
				GCC_WARN_UNDECLARED_SELECTOR = YES;
				GCC_WARN_UNINITIALIZED_AUTOS = YES_AGGRESSIVE;
				GCC_WARN_UNUSED_FUNCTION = YES;
				GCC_WARN_UNUSED_VARIABLE = YES;
				IPHONEOS_DEPLOYMENT_TARGET = 11.2;
				MTL_ENABLE_DEBUG_INFO = NO;
				SDKROOT = iphoneos;
				SWIFT_OPTIMIZATION_LEVEL = "-Owholemodule";
				VALIDATE_PRODUCT = YES;
			};
			name = Release;
		};
		FA1D98CC205E428B0001E159 /* Debug */ = {
			isa = XCBuildConfiguration;
			baseConfigurationReference = 53206DF6B4225E08345AE545 /* Pods-Greeny.debug.xcconfig */;
			buildSettings = {
				ASSETCATALOG_COMPILER_APPICON_NAME = AppIcon;
				CODE_SIGN_STYLE = Automatic;
				DEVELOPMENT_TEAM = A4B27XWSTD;
				INFOPLIST_FILE = Greeny/Info.plist;
				LD_RUNPATH_SEARCH_PATHS = "$(inherited) @executable_path/Frameworks";
				PRODUCT_BUNDLE_IDENTIFIER = com.example.Greeny;
				PRODUCT_NAME = "$(TARGET_NAME)";
				SWIFT_VERSION = 4.0;
				TARGETED_DEVICE_FAMILY = "1,2";
			};
			name = Debug;
		};
		FA1D98CD205E428B0001E159 /* Release */ = {
			isa = XCBuildConfiguration;
			baseConfigurationReference = FDDE3A062A59FAA62608CE05 /* Pods-Greeny.release.xcconfig */;
			buildSettings = {
				ASSETCATALOG_COMPILER_APPICON_NAME = AppIcon;
				CODE_SIGN_STYLE = Automatic;
				DEVELOPMENT_TEAM = A4B27XWSTD;
				INFOPLIST_FILE = Greeny/Info.plist;
				LD_RUNPATH_SEARCH_PATHS = "$(inherited) @executable_path/Frameworks";
				PRODUCT_BUNDLE_IDENTIFIER = com.example.Greeny;
				PRODUCT_NAME = "$(TARGET_NAME)";
				SWIFT_VERSION = 4.0;
				TARGETED_DEVICE_FAMILY = "1,2";
			};
			name = Release;
		};
/* End XCBuildConfiguration section */

/* Begin XCConfigurationList section */
		FA1D98B4205E428B0001E159 /* Build configuration list for PBXProject "Greeny" */ = {
			isa = XCConfigurationList;
			buildConfigurations = (
				FA1D98C9205E428B0001E159 /* Debug */,
				FA1D98CA205E428B0001E159 /* Release */,
			);
			defaultConfigurationIsVisible = 0;
			defaultConfigurationName = Release;
		};
		FA1D98CB205E428B0001E159 /* Build configuration list for PBXNativeTarget "Greeny" */ = {
			isa = XCConfigurationList;
			buildConfigurations = (
				FA1D98CC205E428B0001E159 /* Debug */,
				FA1D98CD205E428B0001E159 /* Release */,
			);
			defaultConfigurationIsVisible = 0;
			defaultConfigurationName = Release;
		};
/* End XCConfigurationList section */
	};
	rootObject = FA1D98B1205E428B0001E159 /* Project object */;
}
